
Microsoft Visual Studio Solution File, Format Version 12.00
# Visual Studio 15
VisualStudioVersion = 15.0.28010.2016
MinimumVisualStudioVersion = 10.0.40219.1
Project("{FAE04EC0-301F-11D3-BF4B-00C04F79EFBC}") = "Library.API", "src\Library.API\Library.API.csproj", "{CBCCC7D7-8882-41B9-B199-4C1CAA59FBF8}"
EndProject
Global
	GlobalSection(SolutionConfigurationPlatforms) = preSolution
		Debug|Any CPU = Debug|Any CPU
		Release|Any CPU = Release|Any CPU
	EndGlobalSection
	GlobalSection(ProjectConfigurationPlatforms) = postSolution
		{CBCCC7D7-8882-41B9-B199-4C1CAA59FBF8}.Debug|Any CPU.ActiveCfg = Debug|Any CPU
		{CBCCC7D7-8882-41B9-B199-4C1CAA59FBF8}.Debug|Any CPU.Build.0 = Debug|Any CPU
		{CBCCC7D7-8882-41B9-B199-4C1CAA59FBF8}.Release|Any CPU.ActiveCfg = Release|Any CPU
		{CBCCC7D7-8882-41B9-B199-4C1CAA59FBF8}.Release|Any CPU.Build.0 = Release|Any CPU
	EndGlobalSection
	GlobalSection(SolutionProperties) = preSolution
		HideSolutionNode = FALSE
	EndGlobalSection
	GlobalSection(ExtensibilityGlobals) = postSolution
		SolutionGuid = {585B0224-CAF5-42CF-9BBF-281BEC269BCE}
	EndGlobalSection
EndGlobal
